
Microsoft Visual Studio Solution File, Format Version 11.00
# Visual Studio 2010
Project("{FAE04EC0-301F-11D3-BF4B-00C04F79EFBC}") = "Breack out 1", "Assembly-CSharp.csproj", "{B7BC76CC-7180-42D8-FEF4-FAA1A12FD176}"
EndProject
Global
	GlobalSection(SolutionConfigurationPlatforms) = preSolution
		Debug|Any CPU = Debug|Any CPU
		Release|Any CPU = Release|Any CPU
	EndGlobalSection
	GlobalSection(ProjectConfigurationPlatforms) = postSolution
		{B7BC76CC-7180-42D8-FEF4-FAA1A12FD176}.Debug|Any CPU.ActiveCfg = Debug|Any CPU
		{B7BC76CC-7180-42D8-FEF4-FAA1A12FD176}.Debug|Any CPU.Build.0 = Debug|Any CPU
		{B7BC76CC-7180-42D8-FEF4-FAA1A12FD176}.Release|Any CPU.ActiveCfg = Release|Any CPU
		{B7BC76CC-7180-42D8-FEF4-FAA1A12FD176}.Release|Any CPU.Build.0 = Release|Any CPU
	EndGlobalSection
	GlobalSection(SolutionProperties) = preSolution
		HideSolutionNode = FALSE
	EndGlobalSection
	GlobalSection(MonoDevelopProperties) = preSolution
		StartupItem = Assembly-CSharp.csproj
	EndGlobalSection
EndGlobal
